// !$*UTF8*$!
{
	archiveVersion = 1;
	classes = {
	};
	objectVersion = 56;
	objects = {

/* Begin PBXBuildFile section */
		740CF37F2BE480DA007EE949 /* AppDelegate.swift in Sources */ = {isa = PBXBuildFile; fileRef = 740CF37E2BE480DA007EE949 /* AppDelegate.swift */; };
		740CF3812BE480DA007EE949 /* SceneDelegate.swift in Sources */ = {isa = PBXBuildFile; fileRef = 740CF3802BE480DA007EE949 /* SceneDelegate.swift */; };
		740CF3832BE480DA007EE949 /* ViewController.swift in Sources */ = {isa = PBXBuildFile; fileRef = 740CF3822BE480DA007EE949 /* ViewController.swift */; };
		740CF3862BE480DA007EE949 /* Main.storyboard in Resources */ = {isa = PBXBuildFile; fileRef = 740CF3842BE480DA007EE949 /* Main.storyboard */; };
		740CF3882BE480DC007EE949 /* Assets.xcassets in Resources */ = {isa = PBXBuildFile; fileRef = 740CF3872BE480DC007EE949 /* Assets.xcassets */; };
		740CF38B2BE480DC007EE949 /* LaunchScreen.storyboard in Resources */ = {isa = PBXBuildFile; fileRef = 740CF3892BE480DC007EE949 /* LaunchScreen.storyboard */; };
		740CF3942BE481AD007EE949 /* SnapKit in Frameworks */ = {isa = PBXBuildFile; productRef = 740CF3932BE481AD007EE949 /* SnapKit */; };
		740CF3962BE481AD007EE949 /* SnapKit-Dynamic in Frameworks */ = {isa = PBXBuildFile; productRef = 740CF3952BE481AD007EE949 /* SnapKit-Dynamic */; };
		740CF3982BE48996007EE949 /* MyViewModel.swift in Sources */ = {isa = PBXBuildFile; fileRef = 740CF3972BE48996007EE949 /* MyViewModel.swift */; };
		7472E6592BE4A389006FA2F8 /* CombineCocoa in Frameworks */ = {isa = PBXBuildFile; productRef = 7472E6582BE4A389006FA2F8 /* CombineCocoa */; };
/* End PBXBuildFile section */

/* Begin PBXFileReference section */
		740CF37B2BE480DA007EE949 /* Combine_Practice.app */ = {isa = PBXFileReference; explicitFileType = wrapper.application; includeInIndex = 0; path = Combine_Practice.app; sourceTree = BUILT_PRODUCTS_DIR; };
		740CF37E2BE480DA007EE949 /* AppDelegate.swift */ = {isa = PBXFileReference; lastKnownFileType = sourcecode.swift; path = AppDelegate.swift; sourceTree = "<group>"; };
		740CF3802BE480DA007EE949 /* SceneDelegate.swift */ = {isa = PBXFileReference; lastKnownFileType = sourcecode.swift; path = SceneDelegate.swift; sourceTree = "<group>"; };
		740CF3822BE480DA007EE949 /* ViewController.swift */ = {isa = PBXFileReference; lastKnownFileType = sourcecode.swift; path = ViewController.swift; sourceTree = "<group>"; };
		740CF3852BE480DA007EE949 /* Base */ = {isa = PBXFileReference; lastKnownFileType = file.storyboard; name = Base; path = Base.lproj/Main.storyboard; sourceTree = "<group>"; };
		740CF3872BE480DC007EE949 /* Assets.xcassets */ = {isa = PBXFileReference; lastKnownFileType = folder.assetcatalog; path = Assets.xcassets; sourceTree = "<group>"; };
		740CF38A2BE480DC007EE949 /* Base */ = {isa = PBXFileReference; lastKnownFileType = file.storyboard; name = Base; path = Base.lproj/LaunchScreen.storyboard; sourceTree = "<group>"; };
		740CF38C2BE480DC007EE949 /* Info.plist */ = {isa = PBXFileReference; lastKnownFileType = text.plist.xml; path = Info.plist; sourceTree = "<group>"; };
		740CF3972BE48996007EE949 /* MyViewModel.swift */ = {isa = PBXFileReference; lastKnownFileType = sourcecode.swift; path = MyViewModel.swift; sourceTree = "<group>"; };
/* End PBXFileReference section */

/* Begin PBXFrameworksBuildPhase section */
		740CF3782BE480DA007EE949 /* Frameworks */ = {
			isa = PBXFrameworksBuildPhase;
			buildActionMask = 2147483647;
			files = (
				740CF3942BE481AD007EE949 /* SnapKit in Frameworks */,
				7472E6592BE4A389006FA2F8 /* CombineCocoa in Frameworks */,
				740CF3962BE481AD007EE949 /* SnapKit-Dynamic in Frameworks */,
			);
			runOnlyForDeploymentPostprocessing = 0;
		};
/* End PBXFrameworksBuildPhase section */

/* Begin PBXGroup section */
		740CF3722BE480DA007EE949 = {
			isa = PBXGroup;
			children = (
				740CF37D2BE480DA007EE949 /* Combine_Practice */,
				740CF37C2BE480DA007EE949 /* Products */,
			);
			sourceTree = "<group>";
		};
		740CF37C2BE480DA007EE949 /* Products */ = {
			isa = PBXGroup;
			children = (
				740CF37B2BE480DA007EE949 /* Combine_Practice.app */,
			);
			name = Products;
			sourceTree = "<group>";
		};
		740CF37D2BE480DA007EE949 /* Combine_Practice */ = {
			isa = PBXGroup;
			children = (
				740CF37E2BE480DA007EE949 /* AppDelegate.swift */,
				740CF3802BE480DA007EE949 /* SceneDelegate.swift */,
				740CF3822BE480DA007EE949 /* ViewController.swift */,
				740CF3972BE48996007EE949 /* MyViewModel.swift */,
				740CF3842BE480DA007EE949 /* Main.storyboard */,
				740CF3872BE480DC007EE949 /* Assets.xcassets */,
				740CF3892BE480DC007EE949 /* LaunchScreen.storyboard */,
				740CF38C2BE480DC007EE949 /* Info.plist */,
			);
			path = Combine_Practice;
			sourceTree = "<group>";
		};
/* End PBXGroup section */

/* Begin PBXNativeTarget section */
		740CF37A2BE480DA007EE949 /* Combine_Practice */ = {
			isa = PBXNativeTarget;
			buildConfigurationList = 740CF38F2BE480DC007EE949 /* Build configuration list for PBXNativeTarget "Combine_Practice" */;
			buildPhases = (
				740CF3772BE480DA007EE949 /* Sources */,
				740CF3782BE480DA007EE949 /* Frameworks */,
				740CF3792BE480DA007EE949 /* Resources */,
			);
			buildRules = (
			);
			dependencies = (
			);
			name = Combine_Practice;
			packageProductDependencies = (
				740CF3932BE481AD007EE949 /* SnapKit */,
				740CF3952BE481AD007EE949 /* SnapKit-Dynamic */,
				7472E6582BE4A389006FA2F8 /* CombineCocoa */,
			);
			productName = Combine_Practice;
			productReference = 740CF37B2BE480DA007EE949 /* Combine_Practice.app */;
			productType = "com.apple.product-type.application";
		};
/* End PBXNativeTarget section */

/* Begin PBXProject section */
		740CF3732BE480DA007EE949 /* Project object */ = {
			isa = PBXProject;
			attributes = {
				BuildIndependentTargetsInParallel = 1;
				LastSwiftUpdateCheck = 1520;
				LastUpgradeCheck = 1520;
				TargetAttributes = {
					740CF37A2BE480DA007EE949 = {
						CreatedOnToolsVersion = 15.2;
					};
				};
			};
			buildConfigurationList = 740CF3762BE480DA007EE949 /* Build configuration list for PBXProject "Combine_Practice" */;
			compatibilityVersion = "Xcode 14.0";
			developmentRegion = en;
			hasScannedForEncodings = 0;
			knownRegions = (
				en,
				Base,
			);
			mainGroup = 740CF3722BE480DA007EE949;
			packageReferences = (
				740CF3922BE481AD007EE949 /* XCRemoteSwiftPackageReference "SnapKit" */,
				7472E6572BE4A389006FA2F8 /* XCRemoteSwiftPackageReference "CombineCocoa" */,
			);
			productRefGroup = 740CF37C2BE480DA007EE949 /* Products */;
			projectDirPath = "";
			projectRoot = "";
			targets = (
				740CF37A2BE480DA007EE949 /* Combine_Practice */,
			);
		};
/* End PBXProject section */

/* Begin PBXResourcesBuildPhase section */
		740CF3792BE480DA007EE949 /* Resources */ = {
			isa = PBXResourcesBuildPhase;
			buildActionMask = 2147483647;
			files = (
				740CF38B2BE480DC007EE949 /* LaunchScreen.storyboard in Resources */,
				740CF3882BE480DC007EE949 /* Assets.xcassets in Resources */,
				740CF3862BE480DA007EE949 /* Main.storyboard in Resources */,
			);
			runOnlyForDeploymentPostprocessing = 0;
		};
/* End PBXResourcesBuildPhase section */

/* Begin PBXSourcesBuildPhase section */
		740CF3772BE480DA007EE949 /* Sources */ = {
			isa = PBXSourcesBuildPhase;
			buildActionMask = 2147483647;
			files = (
				740CF3832BE480DA007EE949 /* ViewController.swift in Sources */,
				740CF37F2BE480DA007EE949 /* AppDelegate.swift in Sources */,
				740CF3982BE48996007EE949 /* MyViewModel.swift in Sources */,
				740CF3812BE480DA007EE949 /* SceneDelegate.swift in Sources */,
			);
			runOnlyForDeploymentPostprocessing = 0;
		};
/* End PBXSourcesBuildPhase section */

/* Begin PBXVariantGroup section */
		740CF3842BE480DA007EE949 /* Main.storyboard */ = {
			isa = PBXVariantGroup;
			children = (
				740CF3852BE480DA007EE949 /* Base */,
			);
			name = Main.storyboard;
			sourceTree = "<group>";
		};
		740CF3892BE480DC007EE949 /* LaunchScreen.storyboard */ = {
			isa = PBXVariantGroup;
			children = (
				740CF38A2BE480DC007EE949 /* Base */,
			);
			name = LaunchScreen.storyboard;
			sourceTree = "<group>";
		};
/* End PBXVariantGroup section */

/* Begin XCBuildConfiguration section */
		740CF38D2BE480DC007EE949 /* Debug */ = {
			isa = XCBuildConfiguration;
			buildSettings = {
				ALWAYS_SEARCH_USER_PATHS = NO;
				ASSETCATALOG_COMPILER_GENERATE_SWIFT_ASSET_SYMBOL_EXTENSIONS = YES;
				CLANG_ANALYZER_NONNULL = YES;
				CLANG_ANALYZER_NUMBER_OBJECT_CONVERSION = YES_AGGRESSIVE;
				CLANG_CXX_LANGUAGE_STANDARD = "gnu++20";
				CLANG_ENABLE_MODULES = YES;
				CLANG_ENABLE_OBJC_ARC = YES;
				CLANG_ENABLE_OBJC_WEAK = YES;
				CLANG_WARN_BLOCK_CAPTURE_AUTORELEASING = YES;
				CLANG_WARN_BOOL_CONVERSION = YES;
				CLANG_WARN_COMMA = YES;
				CLANG_WARN_CONSTANT_CONVERSION = YES;
				CLANG_WARN_DEPRECATED_OBJC_IMPLEMENTATIONS = YES;
				CLANG_WARN_DIRECT_OBJC_ISA_USAGE = YES_ERROR;
				CLANG_WARN_DOCUMENTATION_COMMENTS = YES;
				CLANG_WARN_EMPTY_BODY = YES;
				CLANG_WARN_ENUM_CONVERSION = YES;
				CLANG_WARN_INFINITE_RECURSION = YES;
				CLANG_WARN_INT_CONVERSION = YES;
				CLANG_WARN_NON_LITERAL_NULL_CONVERSION = YES;
				CLANG_WARN_OBJC_IMPLICIT_RETAIN_SELF = YES;
				CLANG_WARN_OBJC_LITERAL_CONVERSION = YES;
				CLANG_WARN_OBJC_ROOT_CLASS = YES_ERROR;
				CLANG_WARN_QUOTED_INCLUDE_IN_FRAMEWORK_HEADER = YES;
				CLANG_WARN_RANGE_LOOP_ANALYSIS = YES;
				CLANG_WARN_STRICT_PROTOTYPES = YES;
				CLANG_WARN_SUSPICIOUS_MOVE = YES;
				CLANG_WARN_UNGUARDED_AVAILABILITY = YES_AGGRESSIVE;
				CLANG_WARN_UNREACHABLE_CODE = YES;
				CLANG_WARN__DUPLICATE_METHOD_MATCH = YES;
				COPY_PHASE_STRIP = NO;
				DEBUG_INFORMATION_FORMAT = dwarf;
				ENABLE_STRICT_OBJC_MSGSEND = YES;
				ENABLE_TESTABILITY = YES;
				ENABLE_USER_SCRIPT_SANDBOXING = YES;
				GCC_C_LANGUAGE_STANDARD = gnu17;
				GCC_DYNAMIC_NO_PIC = NO;
				GCC_NO_COMMON_BLOCKS = YES;
				GCC_OPTIMIZATION_LEVEL = 0;
				GCC_PREPROCESSOR_DEFINITIONS = (
					"DEBUG=1",
					"$(inherited)",
				);
				GCC_WARN_64_TO_32_BIT_CONVERSION = YES;
				GCC_WARN_ABOUT_RETURN_TYPE = YES_ERROR;
				GCC_WARN_UNDECLARED_SELECTOR = YES;
				GCC_WARN_UNINITIALIZED_AUTOS = YES_AGGRESSIVE;
				GCC_WARN_UNUSED_FUNCTION = YES;
				GCC_WARN_UNUSED_VARIABLE = YES;
				IPHONEOS_DEPLOYMENT_TARGET = 17.2;
				LOCALIZATION_PREFERS_STRING_CATALOGS = YES;
				MTL_ENABLE_DEBUG_INFO = INCLUDE_SOURCE;
				MTL_FAST_MATH = YES;
				ONLY_ACTIVE_ARCH = YES;
				SDKROOT = iphoneos;
				SWIFT_ACTIVE_COMPILATION_CONDITIONS = "DEBUG $(inherited)";
				SWIFT_OPTIMIZATION_LEVEL = "-Onone";
			};
			name = Debug;
		};
		740CF38E2BE480DC007EE949 /* Release */ = {
			isa = XCBuildConfiguration;
			buildSettings = {
				ALWAYS_SEARCH_USER_PATHS = NO;
				ASSETCATALOG_COMPILER_GENERATE_SWIFT_ASSET_SYMBOL_EXTENSIONS = YES;
				CLANG_ANALYZER_NONNULL = YES;
				CLANG_ANALYZER_NUMBER_OBJECT_CONVERSION = YES_AGGRESSIVE;
				CLANG_CXX_LANGUAGE_STANDARD = "gnu++20";
				CLANG_ENABLE_MODULES = YES;
				CLANG_ENABLE_OBJC_ARC = YES;
				CLANG_ENABLE_OBJC_WEAK = YES;
				CLANG_WARN_BLOCK_CAPTURE_AUTORELEASING = YES;
				CLANG_WARN_BOOL_CONVERSION = YES;
				CLANG_WARN_COMMA = YES;
				CLANG_WARN_CONSTANT_CONVERSION = YES;
				CLANG_WARN_DEPRECATED_OBJC_IMPLEMENTATIONS = YES;
				CLANG_WARN_DIRECT_OBJC_ISA_USAGE = YES_ERROR;
				CLANG_WARN_DOCUMENTATION_COMMENTS = YES;
				CLANG_WARN_EMPTY_BODY = YES;
				CLANG_WARN_ENUM_CONVERSION = YES;
				CLANG_WARN_INFINITE_RECURSION = YES;
				CLANG_WARN_INT_CONVERSION = YES;
				CLANG_WARN_NON_LITERAL_NULL_CONVERSION = YES;
				CLANG_WARN_OBJC_IMPLICIT_RETAIN_SELF = YES;
				CLANG_WARN_OBJC_LITERAL_CONVERSION = YES;
				CLANG_WARN_OBJC_ROOT_CLASS = YES_ERROR;
				CLANG_WARN_QUOTED_INCLUDE_IN_FRAMEWORK_HEADER = YES;
				CLANG_WARN_RANGE_LOOP_ANALYSIS = YES;
				CLANG_WARN_STRICT_PROTOTYPES = YES;
				CLANG_WARN_SUSPICIOUS_MOVE = YES;
				CLANG_WARN_UNGUARDED_AVAILABILITY = YES_AGGRESSIVE;
				CLANG_WARN_UNREACHABLE_CODE = YES;
				CLANG_WARN__DUPLICATE_METHOD_MATCH = YES;
				COPY_PHASE_STRIP = NO;
				DEBUG_INFORMATION_FORMAT = "dwarf-with-dsym";
				ENABLE_NS_ASSERTIONS = NO;
				ENABLE_STRICT_OBJC_MSGSEND = YES;
				ENABLE_USER_SCRIPT_SANDBOXING = YES;
				GCC_C_LANGUAGE_STANDARD = gnu17;
				GCC_NO_COMMON_BLOCKS = YES;
				GCC_WARN_64_TO_32_BIT_CONVERSION = YES;
				GCC_WARN_ABOUT_RETURN_TYPE = YES_ERROR;
				GCC_WARN_UNDECLARED_SELECTOR = YES;
				GCC_WARN_UNINITIALIZED_AUTOS = YES_AGGRESSIVE;
				GCC_WARN_UNUSED_FUNCTION = YES;
				GCC_WARN_UNUSED_VARIABLE = YES;
				IPHONEOS_DEPLOYMENT_TARGET = 17.2;
				LOCALIZATION_PREFERS_STRING_CATALOGS = YES;
				MTL_ENABLE_DEBUG_INFO = NO;
				MTL_FAST_MATH = YES;
				SDKROOT = iphoneos;
				SWIFT_COMPILATION_MODE = wholemodule;
				VALIDATE_PRODUCT = YES;
			};
			name = Release;
		};
		740CF3902BE480DC007EE949 /* Debug */ = {
			isa = XCBuildConfiguration;
			buildSettings = {
				ASSETCATALOG_COMPILER_APPICON_NAME = AppIcon;
				ASSETCATALOG_COMPILER_GLOBAL_ACCENT_COLOR_NAME = AccentColor;
				CODE_SIGN_STYLE = Automatic;
				CURRENT_PROJECT_VERSION = 1;
				DEVELOPMENT_TEAM = H4NCX3RT8V;
				GENERATE_INFOPLIST_FILE = YES;
				INFOPLIST_FILE = Combine_Practice/Info.plist;
				INFOPLIST_KEY_UIApplicationSupportsIndirectInputEvents = YES;
				INFOPLIST_KEY_UILaunchStoryboardName = LaunchScreen;
				INFOPLIST_KEY_UIMainStoryboardFile = Main;
				INFOPLIST_KEY_UISupportedInterfaceOrientations_iPad = "UIInterfaceOrientationPortrait UIInterfaceOrientationPortraitUpsideDown UIInterfaceOrientationLandscapeLeft UIInterfaceOrientationLandscapeRight";
				INFOPLIST_KEY_UISupportedInterfaceOrientations_iPhone = "UIInterfaceOrientationPortrait UIInterfaceOrientationLandscapeLeft UIInterfaceOrientationLandscapeRight";
				LD_RUNPATH_SEARCH_PATHS = (
					"$(inherited)",
					"@executable_path/Frameworks",
				);
				MARKETING_VERSION = 1.0;
				PRODUCT_BUNDLE_IDENTIFIER = "com.cirtuare.Combine-Practice";
				PRODUCT_NAME = "$(TARGET_NAME)";
				SWIFT_EMIT_LOC_STRINGS = YES;
				SWIFT_VERSION = 5.0;
				TARGETED_DEVICE_FAMILY = "1,2";
			};
			name = Debug;
		};
		740CF3912BE480DC007EE949 /* Release */ = {
			isa = XCBuildConfiguration;
			buildSettings = {
				ASSETCATALOG_COMPILER_APPICON_NAME = AppIcon;
				ASSETCATALOG_COMPILER_GLOBAL_ACCENT_COLOR_NAME = AccentColor;
				CODE_SIGN_STYLE = Automatic;
				CURRENT_PROJECT_VERSION = 1;
				DEVELOPMENT_TEAM = H4NCX3RT8V;
				GENERATE_INFOPLIST_FILE = YES;
				INFOPLIST_FILE = Combine_Practice/Info.plist;
				INFOPLIST_KEY_UIApplicationSupportsIndirectInputEvents = YES;
				INFOPLIST_KEY_UILaunchStoryboardName = LaunchScreen;
				INFOPLIST_KEY_UIMainStoryboardFile = Main;
				INFOPLIST_KEY_UISupportedInterfaceOrientations_iPad = "UIInterfaceOrientationPortrait UIInterfaceOrientationPortraitUpsideDown UIInterfaceOrientationLandscapeLeft UIInterfaceOrientationLandscapeRight";
				INFOPLIST_KEY_UISupportedInterfaceOrientations_iPhone = "UIInterfaceOrientationPortrait UIInterfaceOrientationLandscapeLeft UIInterfaceOrientationLandscapeRight";
				LD_RUNPATH_SEARCH_PATHS = (
					"$(inherited)",
					"@executable_path/Frameworks",
				);
				MARKETING_VERSION = 1.0;
				PRODUCT_BUNDLE_IDENTIFIER = "com.cirtuare.Combine-Practice";
				PRODUCT_NAME = "$(TARGET_NAME)";
				SWIFT_EMIT_LOC_STRINGS = YES;
				SWIFT_VERSION = 5.0;
				TARGETED_DEVICE_FAMILY = "1,2";
			};
			name = Release;
		};
/* End XCBuildConfiguration section */

/* Begin XCConfigurationList section */
		740CF3762BE480DA007EE949 /* Build configuration list for PBXProject "Combine_Practice" */ = {
			isa = XCConfigurationList;
			buildConfigurations = (
				740CF38D2BE480DC007EE949 /* Debug */,
				740CF38E2BE480DC007EE949 /* Release */,
			);
			defaultConfigurationIsVisible = 0;
			defaultConfigurationName = Release;
		};
		740CF38F2BE480DC007EE949 /* Build configuration list for PBXNativeTarget "Combine_Practice" */ = {
			isa = XCConfigurationList;
			buildConfigurations = (
				740CF3902BE480DC007EE949 /* Debug */,
				740CF3912BE480DC007EE949 /* Release */,
			);
			defaultConfigurationIsVisible = 0;
			defaultConfigurationName = Release;
		};
/* End XCConfigurationList section */

/* Begin XCRemoteSwiftPackageReference section */
		740CF3922BE481AD007EE949 /* XCRemoteSwiftPackageReference "SnapKit" */ = {
			isa = XCRemoteSwiftPackageReference;
			repositoryURL = "https://github.com/SnapKit/SnapKit";
			requirement = {
				kind = upToNextMajorVersion;
				minimumVersion = 5.7.1;
			};
		};
		7472E6572BE4A389006FA2F8 /* XCRemoteSwiftPackageReference "CombineCocoa" */ = {
			isa = XCRemoteSwiftPackageReference;
			repositoryURL = "https://github.com/CombineCommunity/CombineCocoa.git";
			requirement = {
				kind = upToNextMajorVersion;
				minimumVersion = 0.4.1;
			};
		};
/* End XCRemoteSwiftPackageReference section */

/* Begin XCSwiftPackageProductDependency section */
		740CF3932BE481AD007EE949 /* SnapKit */ = {
			isa = XCSwiftPackageProductDependency;
			package = 740CF3922BE481AD007EE949 /* XCRemoteSwiftPackageReference "SnapKit" */;
			productName = SnapKit;
		};
		740CF3952BE481AD007EE949 /* SnapKit-Dynamic */ = {
			isa = XCSwiftPackageProductDependency;
			package = 740CF3922BE481AD007EE949 /* XCRemoteSwiftPackageReference "SnapKit" */;
			productName = "SnapKit-Dynamic";
		};
		7472E6582BE4A389006FA2F8 /* CombineCocoa */ = {
			isa = XCSwiftPackageProductDependency;
			package = 7472E6572BE4A389006FA2F8 /* XCRemoteSwiftPackageReference "CombineCocoa" */;
			productName = CombineCocoa;
		};
/* End XCSwiftPackageProductDependency section */
	};
	rootObject = 740CF3732BE480DA007EE949 /* Project object */;
}
